
Microsoft Visual Studio Solution File, Format Version 12.00
# Visual Studio Version 17
VisualStudioVersion = 17.2.32630.192
MinimumVisualStudioVersion = 10.0.40219.1
Project("{FAE04EC0-301F-11D3-BF4B-00C04F79EFBC}") = "IloveJonSkeet", "IloveJonSkeet\IloveJonSkeet.csproj", "{E78073CE-6F12-42CA-B6D8-E505FCACF03E}"
EndProject
Global
	GlobalSection(SolutionConfigurationPlatforms) = preSolution
		Debug|Any CPU = Debug|Any CPU
		Release|Any CPU = Release|Any CPU
	EndGlobalSection
	GlobalSection(ProjectConfigurationPlatforms) = postSolution
		{E78073CE-6F12-42CA-B6D8-E505FCACF03E}.Debug|Any CPU.ActiveCfg = Debug|Any CPU
		{E78073CE-6F12-42CA-B6D8-E505FCACF03E}.Debug|Any CPU.Build.0 = Debug|Any CPU
		{E78073CE-6F12-42CA-B6D8-E505FCACF03E}.Release|Any CPU.ActiveCfg = Release|Any CPU
		{E78073CE-6F12-42CA-B6D8-E505FCACF03E}.Release|Any CPU.Build.0 = Release|Any CPU
	EndGlobalSection
	GlobalSection(SolutionProperties) = preSolution
		HideSolutionNode = FALSE
	EndGlobalSection
	GlobalSection(ExtensibilityGlobals) = postSolution
		SolutionGuid = {955938F6-35B8-496C-80EC-6B711AFCD2F4}
	EndGlobalSection
EndGlobal
